{
  "name": "metaschema-js",
  "version": "0.0.1",
  "lockfileVersion": 2,
  "requires": true,
  "packages": {
    "": {
      "name": "metaschema-js",
      "version": "0.0.1",
      "license": "Apache-2.0",
      "dependencies": {
        "@xmldom/xmldom": "^0.8.1",
        "fontoxpath": "^3.25.1"
      }
    },
    "node_modules/@xmldom/xmldom": {
      "version": "0.8.1",
      "resolved": "https://registry.npmjs.org/@xmldom/xmldom/-/xmldom-0.8.1.tgz",
      "integrity": "sha512-4wOae+5N2RZ+CZXd9ZKwkaDi55IxrSTOjHpxTvQQ4fomtOJmqVxbmICA9jE1jvnqNhpfgz8cnfFagG86wV/xLQ==",
      "engines": {
        "node": ">=10.0.0"
      }
    },
    "node_modules/fontoxpath": {
      "version": "3.25.1",
      "resolved": "https://registry.npmjs.org/fontoxpath/-/fontoxpath-3.25.1.tgz",
      "integrity": "sha512-LoRuWATH5Mmg1rfJ6QFRveneqLQ5a+wQbffER4W9f+os2WTLcbjfVpXnv0kRMHyGpLDlhxyeJuLptaumGSS2Yw==",
      "dependencies": {
        "prsc": "2.0.1",
        "xspattern": "^2.0.0"
      }
    },
    "node_modules/prsc": {
      "version": "2.0.1",
      "resolved": "https://registry.npmjs.org/prsc/-/prsc-2.0.1.tgz",
      "integrity": "sha512-SC6yOsjsSRxPVo/3M6tMykFLCAWvzpCASNbHhkpXQX9expqWJ+GlrarhvF55OX0XwN2U/+b1vKPrhjrdT68dyw=="
    },
    "node_modules/whynot": {
      "version": "4.0.0",
      "resolved": "https://registry.npmjs.org/whynot/-/whynot-4.0.0.tgz",
      "integrity": "sha512-dnIPzjyDaTu1Yjv7koEu0cxKx7Zq9ZuXM7bO3ZvG5PNgFuMp7+E4+ZkVUo4Ei73Zixwu04ahOf58SPcH+KA4oQ=="
    },
    "node_modules/xspattern": {
      "version": "2.0.0",
      "resolved": "https://registry.npmjs.org/xspattern/-/xspattern-2.0.0.tgz",
      "integrity": "sha512-qLm7YxG2BV0GFYO9+PaILaTeYLFb72nRNkfYJBGvgMC6q8w8OXElNqMsYBlZGUlPUiUzk6edId7FWj+EZ2ltSQ==",
      "dependencies": {
        "prsc": "^2.0.1",
        "whynot": "^4.0.0"
      }
    }
  },
  "dependencies": {
    "@xmldom/xmldom": {
      "version": "0.8.1",
      "resolved": "https://registry.npmjs.org/@xmldom/xmldom/-/xmldom-0.8.1.tgz",
      "integrity": "sha512-4wOae+5N2RZ+CZXd9ZKwkaDi55IxrSTOjHpxTvQQ4fomtOJmqVxbmICA9jE1jvnqNhpfgz8cnfFagG86wV/xLQ=="
    },
    "fontoxpath": {
      "version": "3.25.1",
      "resolved": "https://registry.npmjs.org/fontoxpath/-/fontoxpath-3.25.1.tgz",
      "integrity": "sha512-LoRuWATH5Mmg1rfJ6QFRveneqLQ5a+wQbffER4W9f+os2WTLcbjfVpXnv0kRMHyGpLDlhxyeJuLptaumGSS2Yw==",
      "requires": {
        "prsc": "2.0.1",
        "xspattern": "^2.0.0"
      }
    },
    "prsc": {
      "version": "2.0.1",
      "resolved": "https://registry.npmjs.org/prsc/-/prsc-2.0.1.tgz",
      "integrity": "sha512-SC6yOsjsSRxPVo/3M6tMykFLCAWvzpCASNbHhkpXQX9expqWJ+GlrarhvF55OX0XwN2U/+b1vKPrhjrdT68dyw=="
    },
    "whynot": {
      "version": "4.0.0",
      "resolved": "https://registry.npmjs.org/whynot/-/whynot-4.0.0.tgz",
      "integrity": "sha512-dnIPzjyDaTu1Yjv7koEu0cxKx7Zq9ZuXM7bO3ZvG5PNgFuMp7+E4+ZkVUo4Ei73Zixwu04ahOf58SPcH+KA4oQ=="
    },
    "xspattern": {
      "version": "2.0.0",
      "resolved": "https://registry.npmjs.org/xspattern/-/xspattern-2.0.0.tgz",
      "integrity": "sha512-qLm7YxG2BV0GFYO9+PaILaTeYLFb72nRNkfYJBGvgMC6q8w8OXElNqMsYBlZGUlPUiUzk6edId7FWj+EZ2ltSQ==",
      "requires": {
        "prsc": "^2.0.1",
        "whynot": "^4.0.0"
      }
    }
  }
}
